
Microsoft Visual Studio Solution File, Format Version 12.00
Project("{FAE04EC0-301F-11D3-BF4B-00C04F79EFBC}") = "NedoPlayer", "NedoPlayer\NedoPlayer.csproj", "{9D4AC6A2-6148-429C-9E8B-235A8C2EDF7D}"
EndProject
Project("{FAE04EC0-301F-11D3-BF4B-00C04F79EFBC}") = "EventAggregator", "EventAggregator\EventAggregator.csproj", "{001A6ACF-72AE-4EDF-B4F8-424C81346E57}"
EndProject
Global
	GlobalSection(SolutionConfigurationPlatforms) = preSolution
		Debug|Any CPU = Debug|Any CPU
		Release|Any CPU = Release|Any CPU
	EndGlobalSection
	GlobalSection(ProjectConfigurationPlatforms) = postSolution
		{9D4AC6A2-6148-429C-9E8B-235A8C2EDF7D}.Debug|Any CPU.ActiveCfg = Debug|Any CPU
		{9D4AC6A2-6148-429C-9E8B-235A8C2EDF7D}.Debug|Any CPU.Build.0 = Debug|Any CPU
		{9D4AC6A2-6148-429C-9E8B-235A8C2EDF7D}.Release|Any CPU.ActiveCfg = Release|Any CPU
		{9D4AC6A2-6148-429C-9E8B-235A8C2EDF7D}.Release|Any CPU.Build.0 = Release|Any CPU
		{001A6ACF-72AE-4EDF-B4F8-424C81346E57}.Debug|Any CPU.ActiveCfg = Debug|Any CPU
		{001A6ACF-72AE-4EDF-B4F8-424C81346E57}.Debug|Any CPU.Build.0 = Debug|Any CPU
		{001A6ACF-72AE-4EDF-B4F8-424C81346E57}.Release|Any CPU.ActiveCfg = Release|Any CPU
		{001A6ACF-72AE-4EDF-B4F8-424C81346E57}.Release|Any CPU.Build.0 = Release|Any CPU
	EndGlobalSection
EndGlobal
